
Microsoft Visual Studio Solution File, Format Version 12.00
# Visual Studio Version 16
VisualStudioVersion = 16.0.30907.101
MinimumVisualStudioVersion = 10.0.40219.1
Project("{FAE04EC0-301F-11D3-BF4B-00C04F79EFBC}") = "CustomerCommLib", "CustomerCommLib\CustomerCommLib.csproj", "{A5E3CDF9-0DBA-43AD-ADBC-8E1035FE6DCC}"
EndProject
Project("{FAE04EC0-301F-11D3-BF4B-00C04F79EFBC}") = "CustomerComm.Tests", "CustomerComm.Tests\CustomerComm.Tests.csproj", "{FA4F7AEC-7450-46E6-9155-CE0A90B39A46}"
EndProject
Global
	GlobalSection(SolutionConfigurationPlatforms) = preSolution
		Debug|Any CPU = Debug|Any CPU
		Release|Any CPU = Release|Any CPU
	EndGlobalSection
	GlobalSection(ProjectConfigurationPlatforms) = postSolution
		{A5E3CDF9-0DBA-43AD-ADBC-8E1035FE6DCC}.Debug|Any CPU.ActiveCfg = Debug|Any CPU
		{A5E3CDF9-0DBA-43AD-ADBC-8E1035FE6DCC}.Debug|Any CPU.Build.0 = Debug|Any CPU
		{A5E3CDF9-0DBA-43AD-ADBC-8E1035FE6DCC}.Release|Any CPU.ActiveCfg = Release|Any CPU
		{A5E3CDF9-0DBA-43AD-ADBC-8E1035FE6DCC}.Release|Any CPU.Build.0 = Release|Any CPU
		{FA4F7AEC-7450-46E6-9155-CE0A90B39A46}.Debug|Any CPU.ActiveCfg = Debug|Any CPU
		{FA4F7AEC-7450-46E6-9155-CE0A90B39A46}.Debug|Any CPU.Build.0 = Debug|Any CPU
		{FA4F7AEC-7450-46E6-9155-CE0A90B39A46}.Release|Any CPU.ActiveCfg = Release|Any CPU
		{FA4F7AEC-7450-46E6-9155-CE0A90B39A46}.Release|Any CPU.Build.0 = Release|Any CPU
	EndGlobalSection
	GlobalSection(SolutionProperties) = preSolution
		HideSolutionNode = FALSE
	EndGlobalSection
	GlobalSection(ExtensibilityGlobals) = postSolution
		SolutionGuid = {6D523F1A-6BDF-4C57-89F7-B695F96E16C5}
	EndGlobalSection
EndGlobal
