
Microsoft Visual Studio Solution File, Format Version 12.00
# Visual Studio Version 16
VisualStudioVersion = 16.0.30907.101
MinimumVisualStudioVersion = 10.0.40219.1
Project("{FAE04EC0-301F-11D3-BF4B-00C04F79EFBC}") = "Calculator_WindowsForm", "Calculator_WindowsForm\Calculator_WindowsForm.csproj", "{AE4AC5A3-50C5-4D8C-B526-C78267B859A2}"
EndProject
Global
	GlobalSection(SolutionConfigurationPlatforms) = preSolution
		Debug|Any CPU = Debug|Any CPU
		Release|Any CPU = Release|Any CPU
	EndGlobalSection
	GlobalSection(ProjectConfigurationPlatforms) = postSolution
		{AE4AC5A3-50C5-4D8C-B526-C78267B859A2}.Debug|Any CPU.ActiveCfg = Debug|Any CPU
		{AE4AC5A3-50C5-4D8C-B526-C78267B859A2}.Debug|Any CPU.Build.0 = Debug|Any CPU
		{AE4AC5A3-50C5-4D8C-B526-C78267B859A2}.Release|Any CPU.ActiveCfg = Release|Any CPU
		{AE4AC5A3-50C5-4D8C-B526-C78267B859A2}.Release|Any CPU.Build.0 = Release|Any CPU
	EndGlobalSection
	GlobalSection(SolutionProperties) = preSolution
		HideSolutionNode = FALSE
	EndGlobalSection
	GlobalSection(ExtensibilityGlobals) = postSolution
		SolutionGuid = {F10D87B0-A37E-4C7B-8549-A6BDD5A75E95}
	EndGlobalSection
EndGlobal
