
Microsoft Visual Studio Solution File, Format Version 12.00
# Visual Studio Version 16
VisualStudioVersion = 16.0.31019.35
MinimumVisualStudioVersion = 10.0.40219.1
Project("{FAE04EC0-301F-11D3-BF4B-00C04F79EFBC}") = "PracticeCheckDesignPrinciplesProject", "PracticeCheckDesignPrinciplesProject\PracticeCheckDesignPrinciplesProject.csproj", "{B99CCEC9-4F3C-4713-8B47-664D2093DC4E}"
EndProject
Project("{FAE04EC0-301F-11D3-BF4B-00C04F79EFBC}") = "Observer", "Observer\Observer.csproj", "{F141EB43-D765-4951-87AE-EC450E97E29B}"
EndProject
Global
	GlobalSection(SolutionConfigurationPlatforms) = preSolution
		Debug|Any CPU = Debug|Any CPU
		Release|Any CPU = Release|Any CPU
	EndGlobalSection
	GlobalSection(ProjectConfigurationPlatforms) = postSolution
		{B99CCEC9-4F3C-4713-8B47-664D2093DC4E}.Debug|Any CPU.ActiveCfg = Debug|Any CPU
		{B99CCEC9-4F3C-4713-8B47-664D2093DC4E}.Debug|Any CPU.Build.0 = Debug|Any CPU
		{B99CCEC9-4F3C-4713-8B47-664D2093DC4E}.Release|Any CPU.ActiveCfg = Release|Any CPU
		{B99CCEC9-4F3C-4713-8B47-664D2093DC4E}.Release|Any CPU.Build.0 = Release|Any CPU
		{F141EB43-D765-4951-87AE-EC450E97E29B}.Debug|Any CPU.ActiveCfg = Debug|Any CPU
		{F141EB43-D765-4951-87AE-EC450E97E29B}.Debug|Any CPU.Build.0 = Debug|Any CPU
		{F141EB43-D765-4951-87AE-EC450E97E29B}.Release|Any CPU.ActiveCfg = Release|Any CPU
		{F141EB43-D765-4951-87AE-EC450E97E29B}.Release|Any CPU.Build.0 = Release|Any CPU
	EndGlobalSection
	GlobalSection(SolutionProperties) = preSolution
		HideSolutionNode = FALSE
	EndGlobalSection
	GlobalSection(ExtensibilityGlobals) = postSolution
		SolutionGuid = {34D67395-B62D-44AA-8302-A8D3EDDD2893}
	EndGlobalSection
EndGlobal
