
Microsoft Visual Studio Solution File, Format Version 12.00
# Visual Studio Version 16
VisualStudioVersion = 16.0.30907.101
MinimumVisualStudioVersion = 10.0.40219.1
Project("{FAE04EC0-301F-11D3-BF4B-00C04F79EFBC}") = "MyFoodSupply", "MyFoodSupply\MyFoodSupply.csproj", "{53CC6B87-84E3-4CB6-87BC-3DDCAD59E6FB}"
EndProject
Project("{FAE04EC0-301F-11D3-BF4B-00C04F79EFBC}") = "TestFoodNUnit", "TestFoodNUnit\TestFoodNUnit.csproj", "{5F09126D-AB15-41F5-A9B7-265C7A5F312E}"
EndProject
Global
	GlobalSection(SolutionConfigurationPlatforms) = preSolution
		Debug|Any CPU = Debug|Any CPU
		Release|Any CPU = Release|Any CPU
	EndGlobalSection
	GlobalSection(ProjectConfigurationPlatforms) = postSolution
		{53CC6B87-84E3-4CB6-87BC-3DDCAD59E6FB}.Debug|Any CPU.ActiveCfg = Debug|Any CPU
		{53CC6B87-84E3-4CB6-87BC-3DDCAD59E6FB}.Debug|Any CPU.Build.0 = Debug|Any CPU
		{53CC6B87-84E3-4CB6-87BC-3DDCAD59E6FB}.Release|Any CPU.ActiveCfg = Release|Any CPU
		{53CC6B87-84E3-4CB6-87BC-3DDCAD59E6FB}.Release|Any CPU.Build.0 = Release|Any CPU
		{5F09126D-AB15-41F5-A9B7-265C7A5F312E}.Debug|Any CPU.ActiveCfg = Debug|Any CPU
		{5F09126D-AB15-41F5-A9B7-265C7A5F312E}.Debug|Any CPU.Build.0 = Debug|Any CPU
		{5F09126D-AB15-41F5-A9B7-265C7A5F312E}.Release|Any CPU.ActiveCfg = Release|Any CPU
		{5F09126D-AB15-41F5-A9B7-265C7A5F312E}.Release|Any CPU.Build.0 = Release|Any CPU
	EndGlobalSection
	GlobalSection(SolutionProperties) = preSolution
		HideSolutionNode = FALSE
	EndGlobalSection
	GlobalSection(ExtensibilityGlobals) = postSolution
		SolutionGuid = {E2B94006-328C-4935-8C6B-EDC9F24490C8}
	EndGlobalSection
EndGlobal
