
Microsoft Visual Studio Solution File, Format Version 12.00
# Visual Studio Version 16
VisualStudioVersion = 16.0.31019.35
MinimumVisualStudioVersion = 10.0.40219.1
Project("{FAE04EC0-301F-11D3-BF4B-00C04F79EFBC}") = "DesignPrincipleFinalcheckProject", "DesignPrincipleFinalcheckProject\DesignPrincipleFinalcheckProject.csproj", "{76F87441-7FFF-45B9-95F6-D0C66CE40538}"
EndProject
Project("{FAE04EC0-301F-11D3-BF4B-00C04F79EFBC}") = "Observer", "Observer\Observer.csproj", "{A6228A2C-5525-4BAB-BC93-5B09D6301DAA}"
EndProject
Global
	GlobalSection(SolutionConfigurationPlatforms) = preSolution
		Debug|Any CPU = Debug|Any CPU
		Release|Any CPU = Release|Any CPU
	EndGlobalSection
	GlobalSection(ProjectConfigurationPlatforms) = postSolution
		{76F87441-7FFF-45B9-95F6-D0C66CE40538}.Debug|Any CPU.ActiveCfg = Debug|Any CPU
		{76F87441-7FFF-45B9-95F6-D0C66CE40538}.Debug|Any CPU.Build.0 = Debug|Any CPU
		{76F87441-7FFF-45B9-95F6-D0C66CE40538}.Release|Any CPU.ActiveCfg = Release|Any CPU
		{76F87441-7FFF-45B9-95F6-D0C66CE40538}.Release|Any CPU.Build.0 = Release|Any CPU
		{A6228A2C-5525-4BAB-BC93-5B09D6301DAA}.Debug|Any CPU.ActiveCfg = Debug|Any CPU
		{A6228A2C-5525-4BAB-BC93-5B09D6301DAA}.Debug|Any CPU.Build.0 = Debug|Any CPU
		{A6228A2C-5525-4BAB-BC93-5B09D6301DAA}.Release|Any CPU.ActiveCfg = Release|Any CPU
		{A6228A2C-5525-4BAB-BC93-5B09D6301DAA}.Release|Any CPU.Build.0 = Release|Any CPU
	EndGlobalSection
	GlobalSection(SolutionProperties) = preSolution
		HideSolutionNode = FALSE
	EndGlobalSection
	GlobalSection(ExtensibilityGlobals) = postSolution
		SolutionGuid = {AE0E3284-A31B-4684-8552-34AC60A79874}
	EndGlobalSection
EndGlobal
