
Microsoft Visual Studio Solution File, Format Version 12.00
# Visual Studio Version 16
VisualStudioVersion = 16.0.30907.101
MinimumVisualStudioVersion = 10.0.40219.1
Project("{FAE04EC0-301F-11D3-BF4B-00C04F79EFBC}") = "Singleton_Pattern", "Singleton_Pattern\Singleton_Pattern.csproj", "{A1F5DF80-DAFE-4B10-B441-DB83FBB863F1}"
EndProject
Global
	GlobalSection(SolutionConfigurationPlatforms) = preSolution
		Debug|Any CPU = Debug|Any CPU
		Release|Any CPU = Release|Any CPU
	EndGlobalSection
	GlobalSection(ProjectConfigurationPlatforms) = postSolution
		{A1F5DF80-DAFE-4B10-B441-DB83FBB863F1}.Debug|Any CPU.ActiveCfg = Debug|Any CPU
		{A1F5DF80-DAFE-4B10-B441-DB83FBB863F1}.Debug|Any CPU.Build.0 = Debug|Any CPU
		{A1F5DF80-DAFE-4B10-B441-DB83FBB863F1}.Release|Any CPU.ActiveCfg = Release|Any CPU
		{A1F5DF80-DAFE-4B10-B441-DB83FBB863F1}.Release|Any CPU.Build.0 = Release|Any CPU
	EndGlobalSection
	GlobalSection(SolutionProperties) = preSolution
		HideSolutionNode = FALSE
	EndGlobalSection
	GlobalSection(ExtensibilityGlobals) = postSolution
		SolutionGuid = {A5B32735-AAB2-4043-A596-460F331187EA}
	EndGlobalSection
EndGlobal
