
Microsoft Visual Studio Solution File, Format Version 12.00
# Visual Studio Version 16
VisualStudioVersion = 16.0.30907.101
MinimumVisualStudioVersion = 10.0.40219.1
Project("{FAE04EC0-301F-11D3-BF4B-00C04F79EFBC}") = "PlayersManagerLib", "PlayersManagerLib\PlayersManagerLib.csproj", "{DAECA175-0870-4A2E-AB18-73A67CB6096C}"
EndProject
Project("{FAE04EC0-301F-11D3-BF4B-00C04F79EFBC}") = "PlayerManager.Tests", "PlayerManager.Tests\PlayerManager.Tests.csproj", "{68F78310-BB02-4945-AA31-181252B6778E}"
EndProject
Global
	GlobalSection(SolutionConfigurationPlatforms) = preSolution
		Debug|Any CPU = Debug|Any CPU
		Release|Any CPU = Release|Any CPU
	EndGlobalSection
	GlobalSection(ProjectConfigurationPlatforms) = postSolution
		{DAECA175-0870-4A2E-AB18-73A67CB6096C}.Debug|Any CPU.ActiveCfg = Debug|Any CPU
		{DAECA175-0870-4A2E-AB18-73A67CB6096C}.Debug|Any CPU.Build.0 = Debug|Any CPU
		{DAECA175-0870-4A2E-AB18-73A67CB6096C}.Release|Any CPU.ActiveCfg = Release|Any CPU
		{DAECA175-0870-4A2E-AB18-73A67CB6096C}.Release|Any CPU.Build.0 = Release|Any CPU
		{68F78310-BB02-4945-AA31-181252B6778E}.Debug|Any CPU.ActiveCfg = Debug|Any CPU
		{68F78310-BB02-4945-AA31-181252B6778E}.Debug|Any CPU.Build.0 = Debug|Any CPU
		{68F78310-BB02-4945-AA31-181252B6778E}.Release|Any CPU.ActiveCfg = Release|Any CPU
		{68F78310-BB02-4945-AA31-181252B6778E}.Release|Any CPU.Build.0 = Release|Any CPU
	EndGlobalSection
	GlobalSection(SolutionProperties) = preSolution
		HideSolutionNode = FALSE
	EndGlobalSection
	GlobalSection(ExtensibilityGlobals) = postSolution
		SolutionGuid = {B6E323A8-BFD8-4CF6-A9F0-8A0B52B7A4ED}
	EndGlobalSection
EndGlobal
