
Microsoft Visual Studio Solution File, Format Version 12.00
# Visual Studio Version 16
VisualStudioVersion = 16.0.30907.101
MinimumVisualStudioVersion = 10.0.40219.1
Project("{FAE04EC0-301F-11D3-BF4B-00C04F79EFBC}") = "EmployeeDetails", "EmployeeDetails\EmployeeDetails.csproj", "{DBC762BE-9356-404A-AA9A-1BB7A734C35F}"
EndProject
Global
	GlobalSection(SolutionConfigurationPlatforms) = preSolution
		Debug|Any CPU = Debug|Any CPU
		Release|Any CPU = Release|Any CPU
	EndGlobalSection
	GlobalSection(ProjectConfigurationPlatforms) = postSolution
		{DBC762BE-9356-404A-AA9A-1BB7A734C35F}.Debug|Any CPU.ActiveCfg = Debug|Any CPU
		{DBC762BE-9356-404A-AA9A-1BB7A734C35F}.Debug|Any CPU.Build.0 = Debug|Any CPU
		{DBC762BE-9356-404A-AA9A-1BB7A734C35F}.Release|Any CPU.ActiveCfg = Release|Any CPU
		{DBC762BE-9356-404A-AA9A-1BB7A734C35F}.Release|Any CPU.Build.0 = Release|Any CPU
	EndGlobalSection
	GlobalSection(SolutionProperties) = preSolution
		HideSolutionNode = FALSE
	EndGlobalSection
	GlobalSection(ExtensibilityGlobals) = postSolution
		SolutionGuid = {186F3318-56C1-4961-83F7-C3D9C09E7EDD}
	EndGlobalSection
EndGlobal
