
Microsoft Visual Studio Solution File, Format Version 12.00
# Visual Studio Version 16
VisualStudioVersion = 16.0.30907.101
MinimumVisualStudioVersion = 10.0.40219.1
Project("{FAE04EC0-301F-11D3-BF4B-00C04F79EFBC}") = "AsyncAwait1", "AsyncAwait1\AsyncAwait1.csproj", "{27EA15DC-4CCD-4677-A269-A3049AE292E6}"
EndProject
Global
	GlobalSection(SolutionConfigurationPlatforms) = preSolution
		Debug|Any CPU = Debug|Any CPU
		Release|Any CPU = Release|Any CPU
	EndGlobalSection
	GlobalSection(ProjectConfigurationPlatforms) = postSolution
		{27EA15DC-4CCD-4677-A269-A3049AE292E6}.Debug|Any CPU.ActiveCfg = Debug|Any CPU
		{27EA15DC-4CCD-4677-A269-A3049AE292E6}.Debug|Any CPU.Build.0 = Debug|Any CPU
		{27EA15DC-4CCD-4677-A269-A3049AE292E6}.Release|Any CPU.ActiveCfg = Release|Any CPU
		{27EA15DC-4CCD-4677-A269-A3049AE292E6}.Release|Any CPU.Build.0 = Release|Any CPU
	EndGlobalSection
	GlobalSection(SolutionProperties) = preSolution
		HideSolutionNode = FALSE
	EndGlobalSection
	GlobalSection(ExtensibilityGlobals) = postSolution
		SolutionGuid = {85EEB7FE-320F-4673-84A1-CD1D68AFB3D7}
	EndGlobalSection
EndGlobal
