
Microsoft Visual Studio Solution File, Format Version 12.00
# Visual Studio Version 16
VisualStudioVersion = 16.0.30907.101
MinimumVisualStudioVersion = 10.0.40219.1
Project("{FAE04EC0-301F-11D3-BF4B-00C04F79EFBC}") = "FirstConsoleApplication", "FirstConsoleApplication\FirstConsoleApplication.csproj", "{BA6F7223-53AF-4AE3-85EB-9F60E88E3AD5}"
EndProject
Global
	GlobalSection(SolutionConfigurationPlatforms) = preSolution
		Debug|Any CPU = Debug|Any CPU
		Release|Any CPU = Release|Any CPU
	EndGlobalSection
	GlobalSection(ProjectConfigurationPlatforms) = postSolution
		{BA6F7223-53AF-4AE3-85EB-9F60E88E3AD5}.Debug|Any CPU.ActiveCfg = Debug|Any CPU
		{BA6F7223-53AF-4AE3-85EB-9F60E88E3AD5}.Debug|Any CPU.Build.0 = Debug|Any CPU
		{BA6F7223-53AF-4AE3-85EB-9F60E88E3AD5}.Release|Any CPU.ActiveCfg = Release|Any CPU
		{BA6F7223-53AF-4AE3-85EB-9F60E88E3AD5}.Release|Any CPU.Build.0 = Release|Any CPU
	EndGlobalSection
	GlobalSection(SolutionProperties) = preSolution
		HideSolutionNode = FALSE
	EndGlobalSection
	GlobalSection(ExtensibilityGlobals) = postSolution
		SolutionGuid = {BDFD4E05-2834-45E2-B8C8-AC99C45C0FB0}
	EndGlobalSection
EndGlobal
